<?xml version="1.0" encoding="utf-8"?>
<Project ToolsVersion="4.0" xmlns="http://schemas.microsoft.com/developer/msbuild/2003">
  <ItemGroup>
    <Filter Include="소스 파일">
      <UniqueIdentifier>{4FC737F1-C7A5-4376-A066-2A32D752A2FF}</UniqueIdentifier>
      <Extensions>cpp;c;cc;cxx;c++;cppm;ixx;def;odl;idl;hpj;bat;asm;asmx</Extensions>
    </Filter>
    <Filter Include="헤더 파일">
      <UniqueIdentifier>{93995380-89BD-4b04-88EB-625FBE52EBFB}</UniqueIdentifier>
      <Extensions>h;hh;hpp;hxx;h++;hm;inl;inc;ipp;xsd</Extensions>
    </Filter>
    <Filter Include="리소스 파일">
      <UniqueIdentifier>{67DA6AB6-F800-4c08-8B7A-83BB121AAD01}</UniqueIdentifier>
      <Extensions>rc;ico;cur;bmp;dlg;rc2;rct;bin;rgs;gif;jpg;jpeg;jpe;resx;tiff;tif;png;wav;mfcribbon-ms</Extensions>
    </Filter>
    <Filter Include="헤더 파일\frame_work">
      <UniqueIdentifier>{837037a2-fa58-47da-abf0-6c79bc4591db}</UniqueIdentifier>
    </Filter>
    <Filter Include="헤더 파일\object">
      <UniqueIdentifier>{cfb3936b-0850-4a1c-b3bc-5f78da759d96}</UniqueIdentifier>
    </Filter>
    <Filter Include="헤더 파일\world">
      <UniqueIdentifier>{552c3eb6-8fbf-471f-b0b3-6e71effb3a8e}</UniqueIdentifier>
    </Filter>
    <Filter Include="소스 파일\frame_work">
      <UniqueIdentifier>{03a4ab4b-024c-4ba5-a9a1-d31504c75917}</UniqueIdentifier>
    </Filter>
    <Filter Include="소스 파일\world">
      <UniqueIdentifier>{4505aad1-4fa6-4e5f-a187-b8ae9eab6810}</UniqueIdentifier>
    </Filter>
    <Filter Include="소스 파일\object">
      <UniqueIdentifier>{1d501e93-824d-4fd6-9f73-e75b2cb68d2f}</UniqueIdentifier>
    </Filter>
  </ItemGroup>
  <ItemGroup>
    <ClInclude Include="Transform.h">
      <Filter>헤더 파일\frame_work</Filter>
    </ClInclude>
    <ClInclude Include="Mesh.h">
      <Filter>헤더 파일\object</Filter>
    </ClInclude>
    <ClInclude Include="GameWorld.h">
      <Filter>헤더 파일\world</Filter>
    </ClInclude>
    <ClInclude Include="Camera.h">
      <Filter>헤더 파일\world</Filter>
    </ClInclude>
    <ClInclude Include="Projection.h">
      <Filter>헤더 파일\world</Filter>
    </ClInclude>
    <ClInclude Include="ShaderProgram.h">
      <Filter>헤더 파일\frame_work</Filter>
    </ClInclude>
    <ClInclude Include="WindowState.h">
      <Filter>헤더 파일\world</Filter>
    </ClInclude>
    <ClInclude Include="CallBack.h">
      <Filter>헤더 파일</Filter>
    </ClInclude>
    <ClInclude Include="objReader.h">
      <Filter>헤더 파일\frame_work</Filter>
    </ClInclude>
    <ClInclude Include="Ball.h">
      <Filter>헤더 파일\object</Filter>
    </ClInclude>
    <ClInclude Include="UserDefinedFunction.h">
      <Filter>헤더 파일</Filter>
    </ClInclude>
    <ClInclude Include="Tile.h">
      <Filter>헤더 파일\object</Filter>
    </ClInclude>
  </ItemGroup>
  <ItemGroup>
    <ClCompile Include="main.cpp">
      <Filter>소스 파일</Filter>
    </ClCompile>
    <ClCompile Include="CallBack.cpp">
      <Filter>소스 파일</Filter>
    </ClCompile>
    <ClCompile Include="objread.cpp">
      <Filter>소스 파일\frame_work</Filter>
    </ClCompile>
    <ClCompile Include="ShaderProgram.cpp">
      <Filter>소스 파일\frame_work</Filter>
    </ClCompile>
    <ClCompile Include="Transform.cpp">
      <Filter>소스 파일\frame_work</Filter>
    </ClCompile>
    <ClCompile Include="Projection.cpp">
      <Filter>소스 파일\world</Filter>
    </ClCompile>
    <ClCompile Include="Camera.cpp">
      <Filter>소스 파일\world</Filter>
    </ClCompile>
    <ClCompile Include="GameWorld.cpp">
      <Filter>소스 파일\world</Filter>
    </ClCompile>
    <ClCompile Include="Mesh.cpp">
      <Filter>소스 파일\object</Filter>
    </ClCompile>
    <ClCompile Include="Ball.cpp">
      <Filter>소스 파일\object</Filter>
    </ClCompile>
    <ClCompile Include="UserDefinedFunction.cpp">
      <Filter>소스 파일</Filter>
    </ClCompile>
    <ClCompile Include="Tile.cpp">
      <Filter>소스 파일\object</Filter>
    </ClCompile>
  </ItemGroup>
</Project>